{
  "name": "pokemon-backend-oracles",
  "lockfileVersion": 3,
  "requires": true,
  "packages": {
    "": {
      "name": "pokemon-backend-oracles",
      "dependencies": {
        "@smogon/calc": "^0.11.0"
      }
    },
    "node_modules/@smogon/calc": {
      "version": "0.11.0",
      "resolved": "https://registry.npmjs.org/@smogon/calc/-/calc-0.11.0.tgz",
      "integrity": "sha512-ixP+IgQhI12R68FXxyt8+f4EZM/jdqBXZ2oCKu5zuUWXls4kYbIVdgE7t6+pkn/y6VxU+cXJhRgMkiU7wG8JHQ==",
      "license": "MIT",
      "dependencies": {
        "@types/node": "^18.14.2"
      }
    },
    "node_modules/@types/node": {
      "version": "18.19.130",
      "resolved": "https://registry.npmjs.org/@types/node/-/node-18.19.130.tgz",
      "integrity": "sha512-GRaXQx6jGfL8sKfaIDD6OupbIHBr9jv7Jnaml9tB7l4v068PAOXqfcujMMo5PhbIs6ggR1XODELqahT2R8v0fg==",
      "license": "MIT",
      "dependencies": {
        "undici-types": "~5.26.4"
      }
    },
    "node_modules/undici-types": {
      "version": "5.26.5",
      "resolved": "https://registry.npmjs.org/undici-types/-/undici-types-5.26.5.tgz",
      "integrity": "sha512-JlCMO+ehdEIKqlFxk6IfVoAUVmgz7cU7zD/h9XZ0qzeosSHmUJVOzSQvvYSYWXkFXC+IfLKSIffhv0sVZup6pA==",
      "license": "MIT"
    }
  }
}
